// !$*UTF8*$!
{
	archiveVersion = 1;
	classes = {
	};
	objectVersion = 46;
	objects = {

/* Begin PBXBuildFile section */
		B6D561881A0AD54A000976B9 /* AppDelegate.swift in Sources */ = {isa = PBXBuildFile; fileRef = B6D561871A0AD54A000976B9 /* AppDelegate.swift */; };
		B6D5618A1A0AD54A000976B9 /* ViewController.swift in Sources */ = {isa = PBXBuildFile; fileRef = B6D561891A0AD54A000976B9 /* ViewController.swift */; };
		B6D5618D1A0AD54A000976B9 /* Main.storyboard in Resources */ = {isa = PBXBuildFile; fileRef = B6D5618B1A0AD54A000976B9 /* Main.storyboard */; };
		B6D5618F1A0AD54A000976B9 /* Images.xcassets in Resources */ = {isa = PBXBuildFile; fileRef = B6D5618E1A0AD54A000976B9 /* Images.xcassets */; };
		B6D561921A0AD54A000976B9 /* LaunchScreen.xib in Resources */ = {isa = PBXBuildFile; fileRef = B6D561901A0AD54A000976B9 /* LaunchScreen.xib */; };
		B6D5619E1A0AD54A000976B9 /* QuizlyTests.swift in Sources */ = {isa = PBXBuildFile; fileRef = B6D5619D1A0AD54A000976B9 /* QuizlyTests.swift */; };
/* End PBXBuildFile section */

/* Begin PBXContainerItemProxy section */
		B6D561981A0AD54A000976B9 /* PBXContainerItemProxy */ = {
			isa = PBXContainerItemProxy;
			containerPortal = B6D5617A1A0AD549000976B9 /* Project object */;
			proxyType = 1;
			remoteGlobalIDString = B6D561811A0AD54A000976B9;
			remoteInfo = Quizly;
		};
/* End PBXContainerItemProxy section */

/* Begin PBXFileReference section */
		B6D561821A0AD54A000976B9 /* Quizly.app */ = {isa = PBXFileReference; explicitFileType = wrapper.application; includeInIndex = 0; path = Quizly.app; sourceTree = BUILT_PRODUCTS_DIR; };
		B6D561861A0AD54A000976B9 /* Info.plist */ = {isa = PBXFileReference; lastKnownFileType = text.plist.xml; path = Info.plist; sourceTree = "<group>"; };
		B6D561871A0AD54A000976B9 /* AppDelegate.swift */ = {isa = PBXFileReference; lastKnownFileType = sourcecode.swift; path = AppDelegate.swift; sourceTree = "<group>"; };
		B6D561891A0AD54A000976B9 /* ViewController.swift */ = {isa = PBXFileReference; lastKnownFileType = sourcecode.swift; path = ViewController.swift; sourceTree = "<group>"; };
		B6D5618C1A0AD54A000976B9 /* Base */ = {isa = PBXFileReference; lastKnownFileType = file.storyboard; name = Base; path = Base.lproj/Main.storyboard; sourceTree = "<group>"; };
		B6D5618E1A0AD54A000976B9 /* Images.xcassets */ = {isa = PBXFileReference; lastKnownFileType = folder.assetcatalog; path = Images.xcassets; sourceTree = "<group>"; };
		B6D561911A0AD54A000976B9 /* Base */ = {isa = PBXFileReference; lastKnownFileType = file.xib; name = Base; path = Base.lproj/LaunchScreen.xib; sourceTree = "<group>"; };
		B6D561971A0AD54A000976B9 /* QuizlyTests.xctest */ = {isa = PBXFileReference; explicitFileType = wrapper.cfbundle; includeInIndex = 0; path = QuizlyTests.xctest; sourceTree = BUILT_PRODUCTS_DIR; };
		B6D5619C1A0AD54A000976B9 /* Info.plist */ = {isa = PBXFileReference; lastKnownFileType = text.plist.xml; path = Info.plist; sourceTree = "<group>"; };
		B6D5619D1A0AD54A000976B9 /* QuizlyTests.swift */ = {isa = PBXFileReference; lastKnownFileType = sourcecode.swift; path = QuizlyTests.swift; sourceTree = "<group>"; };
/* End PBXFileReference section */

/* Begin PBXFrameworksBuildPhase section */
		B6D5617F1A0AD54A000976B9 /* Frameworks */ = {
			isa = PBXFrameworksBuildPhase;
			buildActionMask = 2147483647;
			files = (
			);
			runOnlyForDeploymentPostprocessing = 0;
		};
		B6D561941A0AD54A000976B9 /* Frameworks */ = {
			isa = PBXFrameworksBuildPhase;
			buildActionMask = 2147483647;
			files = (
			);
			runOnlyForDeploymentPostprocessing = 0;
		};
/* End PBXFrameworksBuildPhase section */

/* Begin PBXGroup section */
		B6D561791A0AD549000976B9 = {
			isa = PBXGroup;
			children = (
				B6D561841A0AD54A000976B9 /* Quizly */,
				B6D5619A1A0AD54A000976B9 /* QuizlyTests */,
				B6D561831A0AD54A000976B9 /* Products */,
			);
			sourceTree = "<group>";
		};
		B6D561831A0AD54A000976B9 /* Products */ = {
			isa = PBXGroup;
			children = (
				B6D561821A0AD54A000976B9 /* Quizly.app */,
				B6D561971A0AD54A000976B9 /* QuizlyTests.xctest */,
			);
			name = Products;
			sourceTree = "<group>";
		};
		B6D561841A0AD54A000976B9 /* Quizly */ = {
			isa = PBXGroup;
			children = (
				B6D561871A0AD54A000976B9 /* AppDelegate.swift */,
				B6D561891A0AD54A000976B9 /* ViewController.swift */,
				B6D5618B1A0AD54A000976B9 /* Main.storyboard */,
				B6D5618E1A0AD54A000976B9 /* Images.xcassets */,
				B6D561901A0AD54A000976B9 /* LaunchScreen.xib */,
				B6D561851A0AD54A000976B9 /* Supporting Files */,
			);
			path = Quizly;
			sourceTree = "<group>";
		};
		B6D561851A0AD54A000976B9 /* Supporting Files */ = {
			isa = PBXGroup;
			children = (
				B6D561861A0AD54A000976B9 /* Info.plist */,
			);
			name = "Supporting Files";
			sourceTree = "<group>";
		};
		B6D5619A1A0AD54A000976B9 /* QuizlyTests */ = {
			isa = PBXGroup;
			children = (
				B6D5619D1A0AD54A000976B9 /* QuizlyTests.swift */,
				B6D5619B1A0AD54A000976B9 /* Supporting Files */,
			);
			path = QuizlyTests;
			sourceTree = "<group>";
		};
		B6D5619B1A0AD54A000976B9 /* Supporting Files */ = {
			isa = PBXGroup;
			children = (
				B6D5619C1A0AD54A000976B9 /* Info.plist */,
			);
			name = "Supporting Files";
			sourceTree = "<group>";
		};
/* End PBXGroup section */

/* Begin PBXNativeTarget section */
		B6D561811A0AD54A000976B9 /* Quizly */ = {
			isa = PBXNativeTarget;
			buildConfigurationList = B6D561A11A0AD54A000976B9 /* Build configuration list for PBXNativeTarget "Quizly" */;
			buildPhases = (
				B6D5617E1A0AD54A000976B9 /* Sources */,
				B6D5617F1A0AD54A000976B9 /* Frameworks */,
				B6D561801A0AD54A000976B9 /* Resources */,
			);
			buildRules = (
			);
			dependencies = (
			);
			name = Quizly;
			productName = Quizly;
			productReference = B6D561821A0AD54A000976B9 /* Quizly.app */;
			productType = "com.apple.product-type.application";
		};
		B6D561961A0AD54A000976B9 /* QuizlyTests */ = {
			isa = PBXNativeTarget;
			buildConfigurationList = B6D561A41A0AD54A000976B9 /* Build configuration list for PBXNativeTarget "QuizlyTests" */;
			buildPhases = (
				B6D561931A0AD54A000976B9 /* Sources */,
				B6D561941A0AD54A000976B9 /* Frameworks */,
				B6D561951A0AD54A000976B9 /* Resources */,
			);
			buildRules = (
			);
			dependencies = (
				B6D561991A0AD54A000976B9 /* PBXTargetDependency */,
			);
			name = QuizlyTests;
			productName = QuizlyTests;
			productReference = B6D561971A0AD54A000976B9 /* QuizlyTests.xctest */;
			productType = "com.apple.product-type.bundle.unit-test";
		};
/* End PBXNativeTarget section */

/* Begin PBXProject section */
		B6D5617A1A0AD549000976B9 /* Project object */ = {
			isa = PBXProject;
			attributes = {
				LastUpgradeCheck = 0610;
				ORGANIZATIONNAME = "Guy Halperin";
				TargetAttributes = {
					B6D561811A0AD54A000976B9 = {
						CreatedOnToolsVersion = 6.1;
					};
					B6D561961A0AD54A000976B9 = {
						CreatedOnToolsVersion = 6.1;
						TestTargetID = B6D561811A0AD54A000976B9;
					};
				};
			};
			buildConfigurationList = B6D5617D1A0AD549000976B9 /* Build configuration list for PBXProject "Quizly" */;
			compatibilityVersion = "Xcode 3.2";
			developmentRegion = English;
			hasScannedForEncodings = 0;
			knownRegions = (
				en,
				Base,
			);
			mainGroup = B6D561791A0AD549000976B9;
			productRefGroup = B6D561831A0AD54A000976B9 /* Products */;
			projectDirPath = "";
			projectRoot = "";
			targets = (
				B6D561811A0AD54A000976B9 /* Quizly */,
				B6D561961A0AD54A000976B9 /* QuizlyTests */,
			);
		};
/* End PBXProject section */

/* Begin PBXResourcesBuildPhase section */
		B6D561801A0AD54A000976B9 /* Resources */ = {
			isa = PBXResourcesBuildPhase;
			buildActionMask = 2147483647;
			files = (
				B6D5618D1A0AD54A000976B9 /* Main.storyboard in Resources */,
				B6D561921A0AD54A000976B9 /* LaunchScreen.xib in Resources */,
				B6D5618F1A0AD54A000976B9 /* Images.xcassets in Resources */,
			);
			runOnlyForDeploymentPostprocessing = 0;
		};
		B6D561951A0AD54A000976B9 /* Resources */ = {
			isa = PBXResourcesBuildPhase;
			buildActionMask = 2147483647;
			files = (
			);
			runOnlyForDeploymentPostprocessing = 0;
		};
/* End PBXResourcesBuildPhase section */

/* Begin PBXSourcesBuildPhase section */
		B6D5617E1A0AD54A000976B9 /* Sources */ = {
			isa = PBXSourcesBuildPhase;
			buildActionMask = 2147483647;
			files = (
				B6D5618A1A0AD54A000976B9 /* ViewController.swift in Sources */,
				B6D561881A0AD54A000976B9 /* AppDelegate.swift in Sources */,
			);
			runOnlyForDeploymentPostprocessing = 0;
		};
		B6D561931A0AD54A000976B9 /* Sources */ = {
			isa = PBXSourcesBuildPhase;
			buildActionMask = 2147483647;
			files = (
				B6D5619E1A0AD54A000976B9 /* QuizlyTests.swift in Sources */,
			);
			runOnlyForDeploymentPostprocessing = 0;
		};
/* End PBXSourcesBuildPhase section */

/* Begin PBXTargetDependency section */
		B6D561991A0AD54A000976B9 /* PBXTargetDependency */ = {
			isa = PBXTargetDependency;
			target = B6D561811A0AD54A000976B9 /* Quizly */;
			targetProxy = B6D561981A0AD54A000976B9 /* PBXContainerItemProxy */;
		};
/* End PBXTargetDependency section */

/* Begin PBXVariantGroup section */
		B6D5618B1A0AD54A000976B9 /* Main.storyboard */ = {
			isa = PBXVariantGroup;
			children = (
				B6D5618C1A0AD54A000976B9 /* Base */,
			);
			name = Main.storyboard;
			sourceTree = "<group>";
		};
		B6D561901A0AD54A000976B9 /* LaunchScreen.xib */ = {
			isa = PBXVariantGroup;
			children = (
				B6D561911A0AD54A000976B9 /* Base */,
			);
			name = LaunchScreen.xib;
			sourceTree = "<group>";
		};
/* End PBXVariantGroup section */

/* Begin XCBuildConfiguration section */
		B6D5619F1A0AD54A000976B9 /* Debug */ = {
			isa = XCBuildConfiguration;
			buildSettings = {
				ALWAYS_SEARCH_USER_PATHS = NO;
				CLANG_CXX_LANGUAGE_STANDARD = "gnu++0x";
				CLANG_CXX_LIBRARY = "libc++";
				CLANG_ENABLE_MODULES = YES;
				CLANG_ENABLE_OBJC_ARC = YES;
				CLANG_WARN_BOOL_CONVERSION = YES;
				CLANG_WARN_CONSTANT_CONVERSION = YES;
				CLANG_WARN_DIRECT_OBJC_ISA_USAGE = YES_ERROR;
				CLANG_WARN_EMPTY_BODY = YES;
				CLANG_WARN_ENUM_CONVERSION = YES;
				CLANG_WARN_INT_CONVERSION = YES;
				CLANG_WARN_OBJC_ROOT_CLASS = YES_ERROR;
				CLANG_WARN_UNREACHABLE_CODE = YES;
				CLANG_WARN__DUPLICATE_METHOD_MATCH = YES;
				"CODE_SIGN_IDENTITY[sdk=iphoneos*]" = "iPhone Developer";
				COPY_PHASE_STRIP = NO;
				ENABLE_STRICT_OBJC_MSGSEND = YES;
				GCC_C_LANGUAGE_STANDARD = gnu99;
				GCC_DYNAMIC_NO_PIC = NO;
				GCC_OPTIMIZATION_LEVEL = 0;
				GCC_PREPROCESSOR_DEFINITIONS = (
					"DEBUG=1",
					"$(inherited)",
				);
				GCC_SYMBOLS_PRIVATE_EXTERN = NO;
				GCC_WARN_64_TO_32_BIT_CONVERSION = YES;
				GCC_WARN_ABOUT_RETURN_TYPE = YES_ERROR;
				GCC_WARN_UNDECLARED_SELECTOR = YES;
				GCC_WARN_UNINITIALIZED_AUTOS = YES_AGGRESSIVE;
				GCC_WARN_UNUSED_FUNCTION = YES;
				GCC_WARN_UNUSED_VARIABLE = YES;
				IPHONEOS_DEPLOYMENT_TARGET = 8.1;
				MTL_ENABLE_DEBUG_INFO = YES;
				ONLY_ACTIVE_ARCH = YES;
				SDKROOT = iphoneos;
				SWIFT_OPTIMIZATION_LEVEL = "-Onone";
			};
			name = Debug;
		};
		B6D561A01A0AD54A000976B9 /* Release */ = {
			isa = XCBuildConfiguration;
			buildSettings = {
				ALWAYS_SEARCH_USER_PATHS = NO;
				CLANG_CXX_LANGUAGE_STANDARD = "gnu++0x";
				CLANG_CXX_LIBRARY = "libc++";
				CLANG_ENABLE_MODULES = YES;
				CLANG_ENABLE_OBJC_ARC = YES;
				CLANG_WARN_BOOL_CONVERSION = YES;
				CLANG_WARN_CONSTANT_CONVERSION = YES;
				CLANG_WARN_DIRECT_OBJC_ISA_USAGE = YES_ERROR;
				CLANG_WARN_EMPTY_BODY = YES;
				CLANG_WARN_ENUM_CONVERSION = YES;
				CLANG_WARN_INT_CONVERSION = YES;
				CLANG_WARN_OBJC_ROOT_CLASS = YES_ERROR;
				CLANG_WARN_UNREACHABLE_CODE = YES;
				CLANG_WARN__DUPLICATE_METHOD_MATCH = YES;
				"CODE_SIGN_IDENTITY[sdk=iphoneos*]" = "iPhone Developer";
				COPY_PHASE_STRIP = YES;
				ENABLE_NS_ASSERTIONS = NO;
				ENABLE_STRICT_OBJC_MSGSEND = YES;
				GCC_C_LANGUAGE_STANDARD = gnu99;
				GCC_WARN_64_TO_32_BIT_CONVERSION = YES;
				GCC_WARN_ABOUT_RETURN_TYPE = YES_ERROR;
				GCC_WARN_UNDECLARED_SELECTOR = YES;
				GCC_WARN_UNINITIALIZED_AUTOS = YES_AGGRESSIVE;
				GCC_WARN_UNUSED_FUNCTION = YES;
				GCC_WARN_UNUSED_VARIABLE = YES;
				IPHONEOS_DEPLOYMENT_TARGET = 8.1;
				MTL_ENABLE_DEBUG_INFO = NO;
				SDKROOT = iphoneos;
				VALIDATE_PRODUCT = YES;
			};
			name = Release;
		};
		B6D561A21A0AD54A000976B9 /* Debug */ = {
			isa = XCBuildConfiguration;
			buildSettings = {
				ASSETCATALOG_COMPILER_APPICON_NAME = AppIcon;
				INFOPLIST_FILE = Quizly/Info.plist;
				LD_RUNPATH_SEARCH_PATHS = "$(inherited) @executable_path/Frameworks";
				PRODUCT_NAME = "$(TARGET_NAME)";
			};
			name = Debug;
		};
		B6D561A31A0AD54A000976B9 /* Release */ = {
			isa = XCBuildConfiguration;
			buildSettings = {
				ASSETCATALOG_COMPILER_APPICON_NAME = AppIcon;
				INFOPLIST_FILE = Quizly/Info.plist;
				LD_RUNPATH_SEARCH_PATHS = "$(inherited) @executable_path/Frameworks";
				PRODUCT_NAME = "$(TARGET_NAME)";
			};
			name = Release;
		};
		B6D561A51A0AD54A000976B9 /* Debug */ = {
			isa = XCBuildConfiguration;
			buildSettings = {
				BUNDLE_LOADER = "$(TEST_HOST)";
				FRAMEWORK_SEARCH_PATHS = (
					"$(SDKROOT)/Developer/Library/Frameworks",
					"$(inherited)",
				);
				GCC_PREPROCESSOR_DEFINITIONS = (
					"DEBUG=1",
					"$(inherited)",
				);
				INFOPLIST_FILE = QuizlyTests/Info.plist;
				LD_RUNPATH_SEARCH_PATHS = "$(inherited) @executable_path/Frameworks @loader_path/Frameworks";
				PRODUCT_NAME = "$(TARGET_NAME)";
				TEST_HOST = "$(BUILT_PRODUCTS_DIR)/Quizly.app/Quizly";
			};
			name = Debug;
		};
		B6D561A61A0AD54A000976B9 /* Release */ = {
			isa = XCBuildConfiguration;
			buildSettings = {
				BUNDLE_LOADER = "$(TEST_HOST)";
				FRAMEWORK_SEARCH_PATHS = (
					"$(SDKROOT)/Developer/Library/Frameworks",
					"$(inherited)",
				);
				INFOPLIST_FILE = QuizlyTests/Info.plist;
				LD_RUNPATH_SEARCH_PATHS = "$(inherited) @executable_path/Frameworks @loader_path/Frameworks";
				PRODUCT_NAME = "$(TARGET_NAME)";
				TEST_HOST = "$(BUILT_PRODUCTS_DIR)/Quizly.app/Quizly";
			};
			name = Release;
		};
/* End XCBuildConfiguration section */

/* Begin XCConfigurationList section */
		B6D5617D1A0AD549000976B9 /* Build configuration list for PBXProject "Quizly" */ = {
			isa = XCConfigurationList;
			buildConfigurations = (
				B6D5619F1A0AD54A000976B9 /* Debug */,
				B6D561A01A0AD54A000976B9 /* Release */,
			);
			defaultConfigurationIsVisible = 0;
			defaultConfigurationName = Release;
		};
		B6D561A11A0AD54A000976B9 /* Build configuration list for PBXNativeTarget "Quizly" */ = {
			isa = XCConfigurationList;
			buildConfigurations = (
				B6D561A21A0AD54A000976B9 /* Debug */,
				B6D561A31A0AD54A000976B9 /* Release */,
			);
			defaultConfigurationIsVisible = 0;
		};
		B6D561A41A0AD54A000976B9 /* Build configuration list for PBXNativeTarget "QuizlyTests" */ = {
			isa = XCConfigurationList;
			buildConfigurations = (
				B6D561A51A0AD54A000976B9 /* Debug */,
				B6D561A61A0AD54A000976B9 /* Release */,
			);
			defaultConfigurationIsVisible = 0;
		};
/* End XCConfigurationList section */
	};
	rootObject = B6D5617A1A0AD549000976B9 /* Project object */;
}
